
Microsoft Visual Studio Solution File, Format Version 12.00
# Visual Studio Version 17
VisualStudioVersion = 17.4.33122.133
MinimumVisualStudioVersion = 10.0.40219.1
Project("{FAE04EC0-301F-11D3-BF4B-00C04F79EFBC}") = "LINQ", "LINQ\LINQ.csproj", "{3368C98C-7540-4025-A807-A578C40B3549}"
EndProject
Global
	GlobalSection(SolutionConfigurationPlatforms) = preSolution
		Debug|Any CPU = Debug|Any CPU
		Release|Any CPU = Release|Any CPU
	EndGlobalSection
	GlobalSection(ProjectConfigurationPlatforms) = postSolution
		{3368C98C-7540-4025-A807-A578C40B3549}.Debug|Any CPU.ActiveCfg = Debug|Any CPU
		{3368C98C-7540-4025-A807-A578C40B3549}.Debug|Any CPU.Build.0 = Debug|Any CPU
		{3368C98C-7540-4025-A807-A578C40B3549}.Release|Any CPU.ActiveCfg = Release|Any CPU
		{3368C98C-7540-4025-A807-A578C40B3549}.Release|Any CPU.Build.0 = Release|Any CPU
	EndGlobalSection
	GlobalSection(SolutionProperties) = preSolution
		HideSolutionNode = FALSE
	EndGlobalSection
	GlobalSection(ExtensibilityGlobals) = postSolution
		SolutionGuid = {04BFC98D-00AD-47E1-B184-58E1DD0F84A4}
	EndGlobalSection
EndGlobal
